
Microsoft Visual Studio Solution File, Format Version 12.00
# Visual Studio Version 16
VisualStudioVersion = 16.0.29123.88
MinimumVisualStudioVersion = 10.0.40219.1
Project("{656346D9-4656-40DA-A068-22D5425D4639}") = "test_userled_gpio", "test_userled_gpio.elements", "{37E1B987-AB9F-4D91-B3F5-24CE8A6B7E2D}"
EndProject
Global
	GlobalSection(SolutionConfigurationPlatforms) = preSolution
		Debug|Default = Debug|Default
		Release|Default = Release|Default
	EndGlobalSection
	GlobalSection(ProjectConfigurationPlatforms) = postSolution
		{37E1B987-AB9F-4D91-B3F5-24CE8A6B7E2D}.Debug|Default.ActiveCfg = Debug
		{37E1B987-AB9F-4D91-B3F5-24CE8A6B7E2D}.Debug|Default.Build.0 = Debug
		{37E1B987-AB9F-4D91-B3F5-24CE8A6B7E2D}.Debug|Default.Deploy.0 = Debug
		{37E1B987-AB9F-4D91-B3F5-24CE8A6B7E2D}.Release|Default.ActiveCfg = Release
		{37E1B987-AB9F-4D91-B3F5-24CE8A6B7E2D}.Release|Default.Build.0 = Release
	EndGlobalSection
	GlobalSection(SolutionProperties) = preSolution
		HideSolutionNode = FALSE
	EndGlobalSection
	GlobalSection(ExtensibilityGlobals) = postSolution
		SolutionGuid = {9C84E11B-B9F2-466A-B449-DB944C9A6964}
	EndGlobalSection
EndGlobal
