
Microsoft Visual Studio Solution File, Format Version 12.00
# Visual Studio Version 17
VisualStudioVersion = 17.0.31903.59
MinimumVisualStudioVersion = 10.0.40219.1
Project("{FAE04EC0-301F-11D3-BF4B-00C04F79EFBC}") = "test_temperature_mysql", "test_temperature_mysql.csproj", "{C15E2D28-4A3F-4C0E-B371-B350A15146F2}"
EndProject
Global
	GlobalSection(SolutionConfigurationPlatforms) = preSolution
		Debug|Any CPU = Debug|Any CPU
		Release|Any CPU = Release|Any CPU
	EndGlobalSection
	GlobalSection(SolutionProperties) = preSolution
		HideSolutionNode = FALSE
	EndGlobalSection
	GlobalSection(ProjectConfigurationPlatforms) = postSolution
		{C15E2D28-4A3F-4C0E-B371-B350A15146F2}.Debug|Any CPU.ActiveCfg = Debug|Any CPU
		{C15E2D28-4A3F-4C0E-B371-B350A15146F2}.Debug|Any CPU.Build.0 = Debug|Any CPU
		{C15E2D28-4A3F-4C0E-B371-B350A15146F2}.Release|Any CPU.ActiveCfg = Release|Any CPU
		{C15E2D28-4A3F-4C0E-B371-B350A15146F2}.Release|Any CPU.Build.0 = Release|Any CPU
	EndGlobalSection
EndGlobal
